// !$*UTF8*$!
{
	archiveVersion = 1;
	classes = {
	};
	objectVersion = 50;
	objects = {

/* Begin PBXBuildFile section */
		6BB7D9D92858BA3E0097F495 /* WeatherIOSAppApp.swift in Sources */ = {isa = PBXBuildFile; fileRef = 6BB7D9D82858BA3E0097F495 /* WeatherIOSAppApp.swift */; };
		6BB7D9DB2858BA3E0097F495 /* ContentView.swift in Sources */ = {isa = PBXBuildFile; fileRef = 6BB7D9DA2858BA3E0097F495 /* ContentView.swift */; };
		6BB7D9DD2858BA430097F495 /* Assets.xcassets in Resources */ = {isa = PBXBuildFile; fileRef = 6BB7D9DC2858BA430097F495 /* Assets.xcassets */; };
		6BB7D9E02858BA430097F495 /* Preview Assets.xcassets in Resources */ = {isa = PBXBuildFile; fileRef = 6BB7D9DF2858BA430097F495 /* Preview Assets.xcassets */; };
		6BB7D9E92858D02D0097F495 /* SimpleButtonView.swift in Sources */ = {isa = PBXBuildFile; fileRef = 6BB7D9E82858D02D0097F495 /* SimpleButtonView.swift */; };
/* End PBXBuildFile section */

/* Begin PBXFileReference section */
		6BB7D9D52858BA3E0097F495 /* WeatherIOSApp.app */ = {isa = PBXFileReference; explicitFileType = wrapper.application; includeInIndex = 0; path = WeatherIOSApp.app; sourceTree = BUILT_PRODUCTS_DIR; };
		6BB7D9D82858BA3E0097F495 /* WeatherIOSAppApp.swift */ = {isa = PBXFileReference; lastKnownFileType = sourcecode.swift; path = WeatherIOSAppApp.swift; sourceTree = "<group>"; };
		6BB7D9DA2858BA3E0097F495 /* ContentView.swift */ = {isa = PBXFileReference; lastKnownFileType = sourcecode.swift; path = ContentView.swift; sourceTree = "<group>"; };
		6BB7D9DC2858BA430097F495 /* Assets.xcassets */ = {isa = PBXFileReference; lastKnownFileType = folder.assetcatalog; path = Assets.xcassets; sourceTree = "<group>"; };
		6BB7D9DF2858BA430097F495 /* Preview Assets.xcassets */ = {isa = PBXFileReference; lastKnownFileType = folder.assetcatalog; path = "Preview Assets.xcassets"; sourceTree = "<group>"; };
		6BB7D9E12858BA430097F495 /* Info.plist */ = {isa = PBXFileReference; lastKnownFileType = text.plist.xml; path = Info.plist; sourceTree = "<group>"; };
		6BB7D9E82858D02D0097F495 /* SimpleButtonView.swift */ = {isa = PBXFileReference; lastKnownFileType = sourcecode.swift; path = SimpleButtonView.swift; sourceTree = "<group>"; };
/* End PBXFileReference section */

/* Begin PBXFrameworksBuildPhase section */
		6BB7D9D22858BA3E0097F495 /* Frameworks */ = {
			isa = PBXFrameworksBuildPhase;
			buildActionMask = 2147483647;
			files = (
			);
			runOnlyForDeploymentPostprocessing = 0;
		};
/* End PBXFrameworksBuildPhase section */

/* Begin PBXGroup section */
		6BB7D9CC2858BA3E0097F495 = {
			isa = PBXGroup;
			children = (
				6BB7D9D72858BA3E0097F495 /* WeatherIOSApp */,
				6BB7D9D62858BA3E0097F495 /* Products */,
			);
			sourceTree = "<group>";
		};
		6BB7D9D62858BA3E0097F495 /* Products */ = {
			isa = PBXGroup;
			children = (
				6BB7D9D52858BA3E0097F495 /* WeatherIOSApp.app */,
			);
			name = Products;
			sourceTree = "<group>";
		};
		6BB7D9D72858BA3E0097F495 /* WeatherIOSApp */ = {
			isa = PBXGroup;
			children = (
				6BB7D9D82858BA3E0097F495 /* WeatherIOSAppApp.swift */,
				6BB7D9DA2858BA3E0097F495 /* ContentView.swift */,
				6BB7D9DC2858BA430097F495 /* Assets.xcassets */,
				6BB7D9E12858BA430097F495 /* Info.plist */,
				6BB7D9DE2858BA430097F495 /* Preview Content */,
				6BB7D9E82858D02D0097F495 /* SimpleButtonView.swift */,
			);
			path = WeatherIOSApp;
			sourceTree = "<group>";
		};
		6BB7D9DE2858BA430097F495 /* Preview Content */ = {
			isa = PBXGroup;
			children = (
				6BB7D9DF2858BA430097F495 /* Preview Assets.xcassets */,
			);
			path = "Preview Content";
			sourceTree = "<group>";
		};
/* End PBXGroup section */

/* Begin PBXNativeTarget section */
		6BB7D9D42858BA3E0097F495 /* WeatherIOSApp */ = {
			isa = PBXNativeTarget;
			buildConfigurationList = 6BB7D9E42858BA430097F495 /* Build configuration list for PBXNativeTarget "WeatherIOSApp" */;
			buildPhases = (
				6BB7D9D12858BA3E0097F495 /* Sources */,
				6BB7D9D22858BA3E0097F495 /* Frameworks */,
				6BB7D9D32858BA3E0097F495 /* Resources */,
			);
			buildRules = (
			);
			dependencies = (
			);
			name = WeatherIOSApp;
			productName = WeatherIOSApp;
			productReference = 6BB7D9D52858BA3E0097F495 /* WeatherIOSApp.app */;
			productType = "com.apple.product-type.application";
		};
/* End PBXNativeTarget section */

/* Begin PBXProject section */
		6BB7D9CD2858BA3E0097F495 /* Project object */ = {
			isa = PBXProject;
			attributes = {
				LastSwiftUpdateCheck = 1200;
				LastUpgradeCheck = 1200;
				TargetAttributes = {
					6BB7D9D42858BA3E0097F495 = {
						CreatedOnToolsVersion = 12.0;
					};
				};
			};
			buildConfigurationList = 6BB7D9D02858BA3E0097F495 /* Build configuration list for PBXProject "WeatherIOSApp" */;
			compatibilityVersion = "Xcode 9.3";
			developmentRegion = en;
			hasScannedForEncodings = 0;
			knownRegions = (
				en,
				Base,
			);
			mainGroup = 6BB7D9CC2858BA3E0097F495;
			productRefGroup = 6BB7D9D62858BA3E0097F495 /* Products */;
			projectDirPath = "";
			projectRoot = "";
			targets = (
				6BB7D9D42858BA3E0097F495 /* WeatherIOSApp */,
			);
		};
/* End PBXProject section */

/* Begin PBXResourcesBuildPhase section */
		6BB7D9D32858BA3E0097F495 /* Resources */ = {
			isa = PBXResourcesBuildPhase;
			buildActionMask = 2147483647;
			files = (
				6BB7D9E02858BA430097F495 /* Preview Assets.xcassets in Resources */,
				6BB7D9DD2858BA430097F495 /* Assets.xcassets in Resources */,
			);
			runOnlyForDeploymentPostprocessing = 0;
		};
/* End PBXResourcesBuildPhase section */

/* Begin PBXSourcesBuildPhase section */
		6BB7D9D12858BA3E0097F495 /* Sources */ = {
			isa = PBXSourcesBuildPhase;
			buildActionMask = 2147483647;
			files = (
				6BB7D9DB2858BA3E0097F495 /* ContentView.swift in Sources */,
				6BB7D9E92858D02D0097F495 /* SimpleButtonView.swift in Sources */,
				6BB7D9D92858BA3E0097F495 /* WeatherIOSAppApp.swift in Sources */,
			);
			runOnlyForDeploymentPostprocessing = 0;
		};
/* End PBXSourcesBuildPhase section */

/* Begin XCBuildConfiguration section */
		6BB7D9E22858BA430097F495 /* Debug */ = {
			isa = XCBuildConfiguration;
			buildSettings = {
				ALWAYS_SEARCH_USER_PATHS = NO;
				CLANG_ANALYZER_NONNULL = YES;
				CLANG_ANALYZER_NUMBER_OBJECT_CONVERSION = YES_AGGRESSIVE;
				CLANG_CXX_LANGUAGE_STANDARD = "gnu++14";
				CLANG_CXX_LIBRARY = "libc++";
				CLANG_ENABLE_MODULES = YES;
				CLANG_ENABLE_OBJC_ARC = YES;
				CLANG_ENABLE_OBJC_WEAK = YES;
				CLANG_WARN_BLOCK_CAPTURE_AUTORELEASING = YES;
				CLANG_WARN_BOOL_CONVERSION = YES;
				CLANG_WARN_COMMA = YES;
				CLANG_WARN_CONSTANT_CONVERSION = YES;
				CLANG_WARN_DEPRECATED_OBJC_IMPLEMENTATIONS = YES;
				CLANG_WARN_DIRECT_OBJC_ISA_USAGE = YES_ERROR;
				CLANG_WARN_DOCUMENTATION_COMMENTS = YES;
				CLANG_WARN_EMPTY_BODY = YES;
				CLANG_WARN_ENUM_CONVERSION = YES;
				CLANG_WARN_INFINITE_RECURSION = YES;
				CLANG_WARN_INT_CONVERSION = YES;
				CLANG_WARN_NON_LITERAL_NULL_CONVERSION = YES;
				CLANG_WARN_OBJC_IMPLICIT_RETAIN_SELF = YES;
				CLANG_WARN_OBJC_LITERAL_CONVERSION = YES;
				CLANG_WARN_OBJC_ROOT_CLASS = YES_ERROR;
				CLANG_WARN_QUOTED_INCLUDE_IN_FRAMEWORK_HEADER = YES;
				CLANG_WARN_RANGE_LOOP_ANALYSIS = YES;
				CLANG_WARN_STRICT_PROTOTYPES = YES;
				CLANG_WARN_SUSPICIOUS_MOVE = YES;
				CLANG_WARN_UNGUARDED_AVAILABILITY = YES_AGGRESSIVE;
				CLANG_WARN_UNREACHABLE_CODE = YES;
				CLANG_WARN__DUPLICATE_METHOD_MATCH = YES;
				COPY_PHASE_STRIP = NO;
				DEBUG_INFORMATION_FORMAT = dwarf;
				ENABLE_STRICT_OBJC_MSGSEND = YES;
				ENABLE_TESTABILITY = YES;
				GCC_C_LANGUAGE_STANDARD = gnu11;
				GCC_DYNAMIC_NO_PIC = NO;
				GCC_NO_COMMON_BLOCKS = YES;
				GCC_OPTIMIZATION_LEVEL = 0;
				GCC_PREPROCESSOR_DEFINITIONS = (
					"DEBUG=1",
					"$(inherited)",
				);
				GCC_WARN_64_TO_32_BIT_CONVERSION = YES;
				GCC_WARN_ABOUT_RETURN_TYPE = YES_ERROR;
				GCC_WARN_UNDECLARED_SELECTOR = YES;
				GCC_WARN_UNINITIALIZED_AUTOS = YES_AGGRESSIVE;
				GCC_WARN_UNUSED_FUNCTION = YES;
				GCC_WARN_UNUSED_VARIABLE = YES;
				IPHONEOS_DEPLOYMENT_TARGET = 14.0;
				MTL_ENABLE_DEBUG_INFO = INCLUDE_SOURCE;
				MTL_FAST_MATH = YES;
				ONLY_ACTIVE_ARCH = YES;
				SDKROOT = iphoneos;
				SWIFT_ACTIVE_COMPILATION_CONDITIONS = DEBUG;
				SWIFT_OPTIMIZATION_LEVEL = "-Onone";
			};
			name = Debug;
		};
		6BB7D9E32858BA430097F495 /* Release */ = {
			isa = XCBuildConfiguration;
			buildSettings = {
				ALWAYS_SEARCH_USER_PATHS = NO;
				CLANG_ANALYZER_NONNULL = YES;
				CLANG_ANALYZER_NUMBER_OBJECT_CONVERSION = YES_AGGRESSIVE;
				CLANG_CXX_LANGUAGE_STANDARD = "gnu++14";
				CLANG_CXX_LIBRARY = "libc++";
				CLANG_ENABLE_MODULES = YES;
				CLANG_ENABLE_OBJC_ARC = YES;
				CLANG_ENABLE_OBJC_WEAK = YES;
				CLANG_WARN_BLOCK_CAPTURE_AUTORELEASING = YES;
				CLANG_WARN_BOOL_CONVERSION = YES;
				CLANG_WARN_COMMA = YES;
				CLANG_WARN_CONSTANT_CONVERSION = YES;
				CLANG_WARN_DEPRECATED_OBJC_IMPLEMENTATIONS = YES;
				CLANG_WARN_DIRECT_OBJC_ISA_USAGE = YES_ERROR;
				CLANG_WARN_DOCUMENTATION_COMMENTS = YES;
				CLANG_WARN_EMPTY_BODY = YES;
				CLANG_WARN_ENUM_CONVERSION = YES;
				CLANG_WARN_INFINITE_RECURSION = YES;
				CLANG_WARN_INT_CONVERSION = YES;
				CLANG_WARN_NON_LITERAL_NULL_CONVERSION = YES;
				CLANG_WARN_OBJC_IMPLICIT_RETAIN_SELF = YES;
				CLANG_WARN_OBJC_LITERAL_CONVERSION = YES;
				CLANG_WARN_OBJC_ROOT_CLASS = YES_ERROR;
				CLANG_WARN_QUOTED_INCLUDE_IN_FRAMEWORK_HEADER = YES;
				CLANG_WARN_RANGE_LOOP_ANALYSIS = YES;
				CLANG_WARN_STRICT_PROTOTYPES = YES;
				CLANG_WARN_SUSPICIOUS_MOVE = YES;
				CLANG_WARN_UNGUARDED_AVAILABILITY = YES_AGGRESSIVE;
				CLANG_WARN_UNREACHABLE_CODE = YES;
				CLANG_WARN__DUPLICATE_METHOD_MATCH = YES;
				COPY_PHASE_STRIP = NO;
				DEBUG_INFORMATION_FORMAT = "dwarf-with-dsym";
				ENABLE_NS_ASSERTIONS = NO;
				ENABLE_STRICT_OBJC_MSGSEND = YES;
				GCC_C_LANGUAGE_STANDARD = gnu11;
				GCC_NO_COMMON_BLOCKS = YES;
				GCC_WARN_64_TO_32_BIT_CONVERSION = YES;
				GCC_WARN_ABOUT_RETURN_TYPE = YES_ERROR;
				GCC_WARN_UNDECLARED_SELECTOR = YES;
				GCC_WARN_UNINITIALIZED_AUTOS = YES_AGGRESSIVE;
				GCC_WARN_UNUSED_FUNCTION = YES;
				GCC_WARN_UNUSED_VARIABLE = YES;
				IPHONEOS_DEPLOYMENT_TARGET = 14.0;
				MTL_ENABLE_DEBUG_INFO = NO;
				MTL_FAST_MATH = YES;
				SDKROOT = iphoneos;
				SWIFT_COMPILATION_MODE = wholemodule;
				SWIFT_OPTIMIZATION_LEVEL = "-O";
				VALIDATE_PRODUCT = YES;
			};
			name = Release;
		};
		6BB7D9E52858BA430097F495 /* Debug */ = {
			isa = XCBuildConfiguration;
			buildSettings = {
				ASSETCATALOG_COMPILER_APPICON_NAME = AppIcon;
				ASSETCATALOG_COMPILER_GLOBAL_ACCENT_COLOR_NAME = AccentColor;
				CODE_SIGN_STYLE = Automatic;
				DEVELOPMENT_ASSET_PATHS = "\"WeatherIOSApp/Preview Content\"";
				DEVELOPMENT_TEAM = M67W63LZF6;
				ENABLE_PREVIEWS = YES;
				INFOPLIST_FILE = WeatherIOSApp/Info.plist;
				IPHONEOS_DEPLOYMENT_TARGET = 14.0;
				LD_RUNPATH_SEARCH_PATHS = (
					"$(inherited)",
					"@executable_path/Frameworks",
				);
				PRODUCT_BUNDLE_IDENTIFIER = com.kasito.WeatherIOSApp;
				PRODUCT_NAME = "$(TARGET_NAME)";
				SWIFT_VERSION = 5.0;
				TARGETED_DEVICE_FAMILY = "1,2";
			};
			name = Debug;
		};
		6BB7D9E62858BA430097F495 /* Release */ = {
			isa = XCBuildConfiguration;
			buildSettings = {
				ASSETCATALOG_COMPILER_APPICON_NAME = AppIcon;
				ASSETCATALOG_COMPILER_GLOBAL_ACCENT_COLOR_NAME = AccentColor;
				CODE_SIGN_STYLE = Automatic;
				DEVELOPMENT_ASSET_PATHS = "\"WeatherIOSApp/Preview Content\"";
				DEVELOPMENT_TEAM = M67W63LZF6;
				ENABLE_PREVIEWS = YES;
				INFOPLIST_FILE = WeatherIOSApp/Info.plist;
				IPHONEOS_DEPLOYMENT_TARGET = 14.0;
				LD_RUNPATH_SEARCH_PATHS = (
					"$(inherited)",
					"@executable_path/Frameworks",
				);
				PRODUCT_BUNDLE_IDENTIFIER = com.kasito.WeatherIOSApp;
				PRODUCT_NAME = "$(TARGET_NAME)";
				SWIFT_VERSION = 5.0;
				TARGETED_DEVICE_FAMILY = "1,2";
			};
			name = Release;
		};
/* End XCBuildConfiguration section */

/* Begin XCConfigurationList section */
		6BB7D9D02858BA3E0097F495 /* Build configuration list for PBXProject "WeatherIOSApp" */ = {
			isa = XCConfigurationList;
			buildConfigurations = (
				6BB7D9E22858BA430097F495 /* Debug */,
				6BB7D9E32858BA430097F495 /* Release */,
			);
			defaultConfigurationIsVisible = 0;
			defaultConfigurationName = Release;
		};
		6BB7D9E42858BA430097F495 /* Build configuration list for PBXNativeTarget "WeatherIOSApp" */ = {
			isa = XCConfigurationList;
			buildConfigurations = (
				6BB7D9E52858BA430097F495 /* Debug */,
				6BB7D9E62858BA430097F495 /* Release */,
			);
			defaultConfigurationIsVisible = 0;
			defaultConfigurationName = Release;
		};
/* End XCConfigurationList section */
	};
	rootObject = 6BB7D9CD2858BA3E0097F495 /* Project object */;
}
